
Microsoft Visual Studio Solution File, Format Version 12.00
# Visual Studio 15
VisualStudioVersion = 15.0.28307.645
MinimumVisualStudioVersion = 10.0.40219.1
Project("{FAE04EC0-301F-11D3-BF4B-00C04F79EFBC}") = "DiscordBot", "DiscordBot\DiscordBot.csproj", "{37FE24EE-AD53-4C18-8509-D1063269E2B2}"
EndProject
Global
	GlobalSection(SolutionConfigurationPlatforms) = preSolution
		Debug|Any CPU = Debug|Any CPU
		Release|Any CPU = Release|Any CPU
	EndGlobalSection
	GlobalSection(ProjectConfigurationPlatforms) = postSolution
		{37FE24EE-AD53-4C18-8509-D1063269E2B2}.Debug|Any CPU.ActiveCfg = Debug|Any CPU
		{37FE24EE-AD53-4C18-8509-D1063269E2B2}.Debug|Any CPU.Build.0 = Debug|Any CPU
		{37FE24EE-AD53-4C18-8509-D1063269E2B2}.Release|Any CPU.ActiveCfg = Release|Any CPU
		{37FE24EE-AD53-4C18-8509-D1063269E2B2}.Release|Any CPU.Build.0 = Release|Any CPU
	EndGlobalSection
	GlobalSection(SolutionProperties) = preSolution
		HideSolutionNode = FALSE
	EndGlobalSection
	GlobalSection(ExtensibilityGlobals) = postSolution
		SolutionGuid = {DB2E5451-6532-43BC-9105-E4F0D5239D00}
	EndGlobalSection
EndGlobal
